
Microsoft Visual Studio Solution File, Format Version 12.00
# Visual Studio Version 17
VisualStudioVersion = 17.14.36310.24
MinimumVisualStudioVersion = 10.0.40219.1
Project("{FAE04EC0-301F-11D3-BF4B-00C04F79EFBC}") = "HouseholdStore", "HouseholdStore.csproj", "{08C622D5-BF96-090C-8945-E7E2DB94AD49}"
EndProject
Project("{FAE04EC0-301F-11D3-BF4B-00C04F79EFBC}") = "Toolify.AuthService", "..\Toolify.AuthService\Toolify.AuthService.csproj", "{5CAB4D8D-0A82-475C-A2FE-4F10B1B7886B}"
EndProject
Project("{FAE04EC0-301F-11D3-BF4B-00C04F79EFBC}") = "Toolify.ProductService", "..\Toolify.ProductService\Toolify.ProductService.csproj", "{9E5C6AFE-102D-4E5F-ADD1-2987CBE2C45E}"
EndProject
Global
	GlobalSection(SolutionConfigurationPlatforms) = preSolution
		Debug|Any CPU = Debug|Any CPU
		Release|Any CPU = Release|Any CPU
	EndGlobalSection
	GlobalSection(ProjectConfigurationPlatforms) = postSolution
		{08C622D5-BF96-090C-8945-E7E2DB94AD49}.Debug|Any CPU.ActiveCfg = Debug|Any CPU
		{08C622D5-BF96-090C-8945-E7E2DB94AD49}.Debug|Any CPU.Build.0 = Debug|Any CPU
		{08C622D5-BF96-090C-8945-E7E2DB94AD49}.Release|Any CPU.ActiveCfg = Release|Any CPU
		{08C622D5-BF96-090C-8945-E7E2DB94AD49}.Release|Any CPU.Build.0 = Release|Any CPU
		{5CAB4D8D-0A82-475C-A2FE-4F10B1B7886B}.Debug|Any CPU.ActiveCfg = Debug|Any CPU
		{5CAB4D8D-0A82-475C-A2FE-4F10B1B7886B}.Debug|Any CPU.Build.0 = Debug|Any CPU
		{5CAB4D8D-0A82-475C-A2FE-4F10B1B7886B}.Release|Any CPU.ActiveCfg = Release|Any CPU
		{5CAB4D8D-0A82-475C-A2FE-4F10B1B7886B}.Release|Any CPU.Build.0 = Release|Any CPU
		{9E5C6AFE-102D-4E5F-ADD1-2987CBE2C45E}.Debug|Any CPU.ActiveCfg = Debug|Any CPU
		{9E5C6AFE-102D-4E5F-ADD1-2987CBE2C45E}.Debug|Any CPU.Build.0 = Debug|Any CPU
		{9E5C6AFE-102D-4E5F-ADD1-2987CBE2C45E}.Release|Any CPU.ActiveCfg = Release|Any CPU
		{9E5C6AFE-102D-4E5F-ADD1-2987CBE2C45E}.Release|Any CPU.Build.0 = Release|Any CPU
	EndGlobalSection
	GlobalSection(SolutionProperties) = preSolution
		HideSolutionNode = FALSE
	EndGlobalSection
	GlobalSection(ExtensibilityGlobals) = postSolution
		SolutionGuid = {113DB199-E7DA-45D5-A7F9-199E67CDB269}
	EndGlobalSection
EndGlobal
